
Microsoft Visual Studio Solution File, Format Version 12.00
# Visual Studio Version 17
VisualStudioVersion = 17.8.34511.84
MinimumVisualStudioVersion = 10.0.40219.1
Project("{FAE04EC0-301F-11D3-BF4B-00C04F79EFBC}") = "TiendaProyecto", "TiendaProyecto\TiendaProyecto.csproj", "{B1F51D88-C3AC-4E82-AE19-BDD5ABAD56CC}"
EndProject
Global
	GlobalSection(SolutionConfigurationPlatforms) = preSolution
		Debug|Any CPU = Debug|Any CPU
		Release|Any CPU = Release|Any CPU
	EndGlobalSection
	GlobalSection(ProjectConfigurationPlatforms) = postSolution
		{B1F51D88-C3AC-4E82-AE19-BDD5ABAD56CC}.Debug|Any CPU.ActiveCfg = Debug|Any CPU
		{B1F51D88-C3AC-4E82-AE19-BDD5ABAD56CC}.Debug|Any CPU.Build.0 = Debug|Any CPU
		{B1F51D88-C3AC-4E82-AE19-BDD5ABAD56CC}.Release|Any CPU.ActiveCfg = Release|Any CPU
		{B1F51D88-C3AC-4E82-AE19-BDD5ABAD56CC}.Release|Any CPU.Build.0 = Release|Any CPU
	EndGlobalSection
	GlobalSection(SolutionProperties) = preSolution
		HideSolutionNode = FALSE
	EndGlobalSection
	GlobalSection(ExtensibilityGlobals) = postSolution
		SolutionGuid = {ACE57BDA-59CA-4CEA-8486-59063A91955D}
	EndGlobalSection
EndGlobal
